Microsoft Visual Studio Solution File, Format Version 11.00
# Visual Studio 2008

Project("{F444032C-5BF5-2EED-6B96-9DA423468102}") = "A Mind Adrft", "Assembly-CSharp-firstpass.csproj", "{01AA92DD-67FA-67CC-B996-304EC226B608}"
EndProject
Project("{F444032C-5BF5-2EED-6B96-9DA423468102}") = "A Mind Adrft", "Assembly-CSharp.csproj", "{FA92D295-06C4-83CB-1579-BC24279537D8}"
EndProject
Project("{F444032C-5BF5-2EED-6B96-9DA423468102}") = "A Mind Adrft", "Assembly-CSharp-Editor.csproj", "{8F1DBBBF-252A-F132-E388-18FBEED71BFF}"
EndProject
Global
	GlobalSection(SolutionConfigurationPlatforms) = preSolution
		Debug|Any CPU = Debug|Any CPU
		Release|Any CPU = Release|Any CPU
	EndGlobalSection
	GlobalSection(ProjectConfigurationPlatforms) = postSolution
		{01AA92DD-67FA-67CC-B996-304EC226B608}.Debug|Any CPU.ActiveCfg = Debug|Any CPU
		{01AA92DD-67FA-67CC-B996-304EC226B608}.Debug|Any CPU.Build.0 = Debug|Any CPU
		{01AA92DD-67FA-67CC-B996-304EC226B608}.Release|Any CPU.ActiveCfg = Release|Any CPU
		{01AA92DD-67FA-67CC-B996-304EC226B608}.Release|Any CPU.Build.0 = Release|Any CPU
		{FA92D295-06C4-83CB-1579-BC24279537D8}.Debug|Any CPU.ActiveCfg = Debug|Any CPU
		{FA92D295-06C4-83CB-1579-BC24279537D8}.Debug|Any CPU.Build.0 = Debug|Any CPU
		{FA92D295-06C4-83CB-1579-BC24279537D8}.Release|Any CPU.ActiveCfg = Release|Any CPU
		{FA92D295-06C4-83CB-1579-BC24279537D8}.Release|Any CPU.Build.0 = Release|Any CPU
		{8F1DBBBF-252A-F132-E388-18FBEED71BFF}.Debug|Any CPU.ActiveCfg = Debug|Any CPU
		{8F1DBBBF-252A-F132-E388-18FBEED71BFF}.Debug|Any CPU.Build.0 = Debug|Any CPU
		{8F1DBBBF-252A-F132-E388-18FBEED71BFF}.Release|Any CPU.ActiveCfg = Release|Any CPU
		{8F1DBBBF-252A-F132-E388-18FBEED71BFF}.Release|Any CPU.Build.0 = Release|Any CPU
	EndGlobalSection
	GlobalSection(SolutionProperties) = preSolution
		HideSolutionNode = FALSE
	EndGlobalSection
																																																																																																													GlobalSection(MonoDevelopProperties) = preSolution
		StartupItem = Assembly-CSharp.csproj
		Policies = $0
		$0.TextStylePolicy = $1
		$1.inheritsSet = null
		$1.scope = text/x-csharp
		$0.CSharpFormattingPolicy = $2
		$2.inheritsSet = Mono
		$2.inheritsScope = text/x-csharp
		$2.scope = text/x-csharp
		$0.TextStylePolicy = $3
		$3.FileWidth = 120
		$3.TabWidth = 4
		$3.IndentWidth = 4
		$3.EolMarker = Unix
		$3.inheritsSet = Mono
		$3.inheritsScope = text/plain
		$3.scope = text/plain
	EndGlobalSection

EndGlobal
